
Microsoft Visual Studio Solution File, Format Version 12.00
# Visual Studio Version 17
VisualStudioVersion = 17.5.002.0
MinimumVisualStudioVersion = 10.0.40219.1
Project("{9A19103F-16F7-4668-BE54-9A1E7A4F7556}") = "queues-problem-solution", "queues-problem-solution\queues-problem-solution.csproj", "{1E316BF1-0162-4ECA-858E-EF51F785BF6E}"
EndProject
Project("{9A19103F-16F7-4668-BE54-9A1E7A4F7556}") = "sets-problem-solution", "sets-problem-solution\sets-problem-solution.csproj", "{3228B212-256C-4061-A712-A9697EE3AE27}"
EndProject
Project("{9A19103F-16F7-4668-BE54-9A1E7A4F7556}") = "trees-problem-solution", "trees-problem-solution\trees-problem-solution.csproj", "{8D040095-0530-4438-BBC8-DD05178D5FB3}"
EndProject
Global
	GlobalSection(SolutionConfigurationPlatforms) = preSolution
		Debug|Any CPU = Debug|Any CPU
		Release|Any CPU = Release|Any CPU
	EndGlobalSection
	GlobalSection(ProjectConfigurationPlatforms) = postSolution
		{1E316BF1-0162-4ECA-858E-EF51F785BF6E}.Debug|Any CPU.ActiveCfg = Debug|Any CPU
		{1E316BF1-0162-4ECA-858E-EF51F785BF6E}.Debug|Any CPU.Build.0 = Debug|Any CPU
		{1E316BF1-0162-4ECA-858E-EF51F785BF6E}.Release|Any CPU.ActiveCfg = Release|Any CPU
		{1E316BF1-0162-4ECA-858E-EF51F785BF6E}.Release|Any CPU.Build.0 = Release|Any CPU
		{3228B212-256C-4061-A712-A9697EE3AE27}.Debug|Any CPU.ActiveCfg = Debug|Any CPU
		{3228B212-256C-4061-A712-A9697EE3AE27}.Debug|Any CPU.Build.0 = Debug|Any CPU
		{3228B212-256C-4061-A712-A9697EE3AE27}.Release|Any CPU.ActiveCfg = Release|Any CPU
		{3228B212-256C-4061-A712-A9697EE3AE27}.Release|Any CPU.Build.0 = Release|Any CPU
		{8D040095-0530-4438-BBC8-DD05178D5FB3}.Debug|Any CPU.ActiveCfg = Debug|Any CPU
		{8D040095-0530-4438-BBC8-DD05178D5FB3}.Debug|Any CPU.Build.0 = Debug|Any CPU
		{8D040095-0530-4438-BBC8-DD05178D5FB3}.Release|Any CPU.ActiveCfg = Release|Any CPU
		{8D040095-0530-4438-BBC8-DD05178D5FB3}.Release|Any CPU.Build.0 = Release|Any CPU
	EndGlobalSection
	GlobalSection(SolutionProperties) = preSolution
		HideSolutionNode = FALSE
	EndGlobalSection
	GlobalSection(ExtensibilityGlobals) = postSolution
		SolutionGuid = {818549F3-3138-492B-8F4D-1A35071ED371}
	EndGlobalSection
EndGlobal
